github.com/dave/dst v0.27.3 h1:P1HPoMza3cMEquVf9kKy8yXsFirry4zEnWOdYPOoIzY=
github.com/dave/dst v0.27.3/go.mod h1:jHh6EOibnHgcUW3WjKHisiooEkYwqpHLBSX1iOBhEyc=
github.com/dave/jennifer v1.5.0 h1:HmgPN93bVDpkQyYbqhCHj5QlgvUkvEOzMyEvKLgCRrg=
github.com/dave/jennifer v1.5.0/go.mod h1:4MnyiFIlZS3l5tSDn8VnzE6ffAhYBMB2SZntBsZGUok=
github.com/pijng/goinject v0.0.20 h1:Fhrkr/kNZGXxVP0bgKqnsoVQPRXMKIz5GPDNZen2KNw=
github.com/pijng/goinject v0.0.20/go.mod h1:4VThjXyLl3Uzg9BIlQYCs4RrTmhmh1n3Tp5xxB1z63c=
github.com/sergi/go-diff v1.2.0 h1:XU+rvMAioB0UC3q1MFrIQy4Vo5/4VsRDQQXHsEya6xQ=
github.com/sergi/go-diff v1.2.0/go.mod h1:STckp+ISIX8hZLjrqAeVduY0gWCT9IjLuqbuNXdaHfM=
golang.org/x/mod v0.17.0 h1:zY54UmvipHiNd+pm+m0x9KhZ9hl1/7QNMyxXbc6ICqA=
golang.org/x/mod v0.17.0/go.mod h1:hTbmBsO62+eylJbnUtE2MGJUyE7QWk4xUqPFrRgJ+7c=
golang.org/x/sync v0.7.0 h1:YsImfSBoP9QPYL0xyKJPq0gcaJdG3rInoqxTWbfQu9M=
golang.org/x/sync v0.7.0/go.mod h1:Czt+wKu1gCyEFDUtn0jG5QVvpJ6rzVqr5aXyt9drQfk=
golang.org/x/tools v0.21.0 h1:qc0xYgIbsSDt9EyWz05J5wfa7LOVW0YTLOXrqdLAWIw=
golang.org/x/tools v0.21.0/go.mod h1:aiJjzUbINMkxbQROHiO6hDPo2LHcIPhhQsa9DLh0yGk=
